
Microsoft Visual Studio Solution File, Format Version 12.00
# Visual Studio Version 16
VisualStudioVersion = 16.0.29424.173
MinimumVisualStudioVersion = 10.0.40219.1
Project("{FAE04EC0-301F-11D3-BF4B-00C04F79EFBC}") = "Homework.Android", "Homework\Homework.Android\Homework.Android.csproj", "{AAB19D66-5BCA-4475-8777-20D2AC049770}"
EndProject
Project("{FAE04EC0-301F-11D3-BF4B-00C04F79EFBC}") = "Homework.iOS", "Homework\Homework.iOS\Homework.iOS.csproj", "{C302E04A-B2E1-46C1-AB4A-2E81447CC410}"
EndProject
Project("{FAE04EC0-301F-11D3-BF4B-00C04F79EFBC}") = "Homework", "Homework\Homework\Homework.csproj", "{21F1F5F8-08B6-4371-8125-4891EC56704C}"
EndProject
Global
	GlobalSection(SolutionConfigurationPlatforms) = preSolution
		Debug|Any CPU = Debug|Any CPU
		Debug|iPhone = Debug|iPhone
		Debug|iPhoneSimulator = Debug|iPhoneSimulator
		Release|Any CPU = Release|Any CPU
		Release|iPhone = Release|iPhone
		Release|iPhoneSimulator = Release|iPhoneSimulator
	EndGlobalSection
	GlobalSection(ProjectConfigurationPlatforms) = postSolution
		{AAB19D66-5BCA-4475-8777-20D2AC049770}.Debug|Any CPU.ActiveCfg = Debug|Any CPU
		{AAB19D66-5BCA-4475-8777-20D2AC049770}.Debug|Any CPU.Build.0 = Debug|Any CPU
		{AAB19D66-5BCA-4475-8777-20D2AC049770}.Debug|Any CPU.Deploy.0 = Debug|Any CPU
		{AAB19D66-5BCA-4475-8777-20D2AC049770}.Debug|iPhone.ActiveCfg = Debug|Any CPU
		{AAB19D66-5BCA-4475-8777-20D2AC049770}.Debug|iPhone.Build.0 = Debug|Any CPU
		{AAB19D66-5BCA-4475-8777-20D2AC049770}.Debug|iPhone.Deploy.0 = Debug|Any CPU
		{AAB19D66-5BCA-4475-8777-20D2AC049770}.Debug|iPhoneSimulator.ActiveCfg = Debug|Any CPU
		{AAB19D66-5BCA-4475-8777-20D2AC049770}.Debug|iPhoneSimulator.Build.0 = Debug|Any CPU
		{AAB19D66-5BCA-4475-8777-20D2AC049770}.Debug|iPhoneSimulator.Deploy.0 = Debug|Any CPU
		{AAB19D66-5BCA-4475-8777-20D2AC049770}.Release|Any CPU.ActiveCfg = Release|Any CPU
		{AAB19D66-5BCA-4475-8777-20D2AC049770}.Release|Any CPU.Build.0 = Release|Any CPU
		{AAB19D66-5BCA-4475-8777-20D2AC049770}.Release|Any CPU.Deploy.0 = Release|Any CPU
		{AAB19D66-5BCA-4475-8777-20D2AC049770}.Release|iPhone.ActiveCfg = Release|Any CPU
		{AAB19D66-5BCA-4475-8777-20D2AC049770}.Release|iPhone.Build.0 = Release|Any CPU
		{AAB19D66-5BCA-4475-8777-20D2AC049770}.Release|iPhone.Deploy.0 = Release|Any CPU
		{AAB19D66-5BCA-4475-8777-20D2AC049770}.Release|iPhoneSimulator.ActiveCfg = Release|Any CPU
		{AAB19D66-5BCA-4475-8777-20D2AC049770}.Release|iPhoneSimulator.Build.0 = Release|Any CPU
		{AAB19D66-5BCA-4475-8777-20D2AC049770}.Release|iPhoneSimulator.Deploy.0 = Release|Any CPU
		{C302E04A-B2E1-46C1-AB4A-2E81447CC410}.Debug|Any CPU.ActiveCfg = Debug|iPhoneSimulator
		{C302E04A-B2E1-46C1-AB4A-2E81447CC410}.Debug|Any CPU.Build.0 = Debug|iPhoneSimulator
		{C302E04A-B2E1-46C1-AB4A-2E81447CC410}.Debug|Any CPU.Deploy.0 = Debug|iPhoneSimulator
		{C302E04A-B2E1-46C1-AB4A-2E81447CC410}.Debug|iPhone.ActiveCfg = Debug|iPhone
		{C302E04A-B2E1-46C1-AB4A-2E81447CC410}.Debug|iPhone.Build.0 = Debug|iPhone
		{C302E04A-B2E1-46C1-AB4A-2E81447CC410}.Debug|iPhone.Deploy.0 = Debug|iPhone
		{C302E04A-B2E1-46C1-AB4A-2E81447CC410}.Debug|iPhoneSimulator.ActiveCfg = Debug|iPhoneSimulator
		{C302E04A-B2E1-46C1-AB4A-2E81447CC410}.Debug|iPhoneSimulator.Build.0 = Debug|iPhoneSimulator
		{C302E04A-B2E1-46C1-AB4A-2E81447CC410}.Debug|iPhoneSimulator.Deploy.0 = Debug|iPhoneSimulator
		{C302E04A-B2E1-46C1-AB4A-2E81447CC410}.Release|Any CPU.ActiveCfg = Release|iPhone
		{C302E04A-B2E1-46C1-AB4A-2E81447CC410}.Release|Any CPU.Build.0 = Release|iPhone
		{C302E04A-B2E1-46C1-AB4A-2E81447CC410}.Release|Any CPU.Deploy.0 = Release|iPhone
		{C302E04A-B2E1-46C1-AB4A-2E81447CC410}.Release|iPhone.ActiveCfg = Release|iPhone
		{C302E04A-B2E1-46C1-AB4A-2E81447CC410}.Release|iPhone.Build.0 = Release|iPhone
		{C302E04A-B2E1-46C1-AB4A-2E81447CC410}.Release|iPhone.Deploy.0 = Release|iPhone
		{C302E04A-B2E1-46C1-AB4A-2E81447CC410}.Release|iPhoneSimulator.ActiveCfg = Release|iPhoneSimulator
		{C302E04A-B2E1-46C1-AB4A-2E81447CC410}.Release|iPhoneSimulator.Build.0 = Release|iPhoneSimulator
		{C302E04A-B2E1-46C1-AB4A-2E81447CC410}.Release|iPhoneSimulator.Deploy.0 = Release|iPhoneSimulator
		{21F1F5F8-08B6-4371-8125-4891EC56704C}.Debug|Any CPU.ActiveCfg = Debug|Any CPU
		{21F1F5F8-08B6-4371-8125-4891EC56704C}.Debug|Any CPU.Build.0 = Debug|Any CPU
		{21F1F5F8-08B6-4371-8125-4891EC56704C}.Debug|Any CPU.Deploy.0 = Debug|Any CPU
		{21F1F5F8-08B6-4371-8125-4891EC56704C}.Debug|iPhone.ActiveCfg = Debug|Any CPU
		{21F1F5F8-08B6-4371-8125-4891EC56704C}.Debug|iPhone.Build.0 = Debug|Any CPU
		{21F1F5F8-08B6-4371-8125-4891EC56704C}.Debug|iPhone.Deploy.0 = Debug|Any CPU
		{21F1F5F8-08B6-4371-8125-4891EC56704C}.Debug|iPhoneSimulator.ActiveCfg = Debug|Any CPU
		{21F1F5F8-08B6-4371-8125-4891EC56704C}.Debug|iPhoneSimulator.Build.0 = Debug|Any CPU
		{21F1F5F8-08B6-4371-8125-4891EC56704C}.Debug|iPhoneSimulator.Deploy.0 = Debug|Any CPU
		{21F1F5F8-08B6-4371-8125-4891EC56704C}.Release|Any CPU.ActiveCfg = Release|Any CPU
		{21F1F5F8-08B6-4371-8125-4891EC56704C}.Release|Any CPU.Build.0 = Release|Any CPU
		{21F1F5F8-08B6-4371-8125-4891EC56704C}.Release|Any CPU.Deploy.0 = Release|Any CPU
		{21F1F5F8-08B6-4371-8125-4891EC56704C}.Release|iPhone.ActiveCfg = Release|Any CPU
		{21F1F5F8-08B6-4371-8125-4891EC56704C}.Release|iPhone.Build.0 = Release|Any CPU
		{21F1F5F8-08B6-4371-8125-4891EC56704C}.Release|iPhone.Deploy.0 = Release|Any CPU
		{21F1F5F8-08B6-4371-8125-4891EC56704C}.Release|iPhoneSimulator.ActiveCfg = Release|Any CPU
		{21F1F5F8-08B6-4371-8125-4891EC56704C}.Release|iPhoneSimulator.Build.0 = Release|Any CPU
		{21F1F5F8-08B6-4371-8125-4891EC56704C}.Release|iPhoneSimulator.Deploy.0 = Release|Any CPU
	EndGlobalSection
	GlobalSection(SolutionProperties) = preSolution
		HideSolutionNode = FALSE
	EndGlobalSection
	GlobalSection(ExtensibilityGlobals) = postSolution
		SolutionGuid = {7A262473-6265-4930-80AF-214D27EDEA35}
	EndGlobalSection
EndGlobal
